Microsoft Visual Studio Solution File, Format Version 12.00
# Visual Studio 15
VisualStudioVersion = 15.0.27406.0
MinimumVisualStudioVersion = 10.0.40219.1
Project("{8BC9CEB8-8B4A-11D0-8D11-00A0C91BC942}") = "ALL_BUILD", "ALL_BUILD.vcxproj", "{897EC1B1-0BFD-3F34-87FF-FFE7008C8880}"
	ProjectSection(ProjectDependencies) = postProject
		{F1CAED54-CE0F-3096-AF4E-550F53D0129A} = {F1CAED54-CE0F-3096-AF4E-550F53D0129A}
		{A7907593-E9D9-3130-948B-49F06E85B4D0} = {A7907593-E9D9-3130-948B-49F06E85B4D0}
	EndProjectSection
EndProject
Project("{8BC9CEB8-8B4A-11D0-8D11-00A0C91BC942}") = "CppProperties_test", "test\CppProperties_test.vcxproj", "{F1CAED54-CE0F-3096-AF4E-550F53D0129A}"
	ProjectSection(ProjectDependencies) = postProject
		{A7907593-E9D9-3130-948B-49F06E85B4D0} = {A7907593-E9D9-3130-948B-49F06E85B4D0}
		{685DD364-00A6-3590-AB09-AD347F7AF7B0} = {685DD364-00A6-3590-AB09-AD347F7AF7B0}
		{5C954DF3-A965-3595-A4B6-37CF9A622C97} = {5C954DF3-A965-3595-A4B6-37CF9A622C97}
	EndProjectSection
EndProject
Project("{8BC9CEB8-8B4A-11D0-8D11-00A0C91BC942}") = "INSTALL", "INSTALL.vcxproj", "{045BE2C5-5A30-3BF8-A636-1AF2978380A8}"
	ProjectSection(ProjectDependencies) = postProject
		{897EC1B1-0BFD-3F34-87FF-FFE7008C8880} = {897EC1B1-0BFD-3F34-87FF-FFE7008C8880}
		{A7907593-E9D9-3130-948B-49F06E85B4D0} = {A7907593-E9D9-3130-948B-49F06E85B4D0}
	EndProjectSection
EndProject
Project("{8BC9CEB8-8B4A-11D0-8D11-00A0C91BC942}") = "ZERO_CHECK", "ZERO_CHECK.vcxproj", "{A7907593-E9D9-3130-948B-49F06E85B4D0}"
EndProject
Project("{8BC9CEB8-8B4A-11D0-8D11-00A0C91BC942}") = "cppproperties.header", "cppproperties.header.vcxproj", "{1296453E-E474-36BA-8BEA-B2432C89C2D5}"
	ProjectSection(ProjectDependencies) = postProject
		{A7907593-E9D9-3130-948B-49F06E85B4D0} = {A7907593-E9D9-3130-948B-49F06E85B4D0}
	EndProjectSection
EndProject
Project("{8BC9CEB8-8B4A-11D0-8D11-00A0C91BC942}") = "gtest", "googletest-build\googlemock\gtest\gtest.vcxproj", "{685DD364-00A6-3590-AB09-AD347F7AF7B0}"
	ProjectSection(ProjectDependencies) = postProject
		{A7907593-E9D9-3130-948B-49F06E85B4D0} = {A7907593-E9D9-3130-948B-49F06E85B4D0}
	EndProjectSection
EndProject
Project("{8BC9CEB8-8B4A-11D0-8D11-00A0C91BC942}") = "gtest_main", "googletest-build\googlemock\gtest\gtest_main.vcxproj", "{5C954DF3-A965-3595-A4B6-37CF9A622C97}"
	ProjectSection(ProjectDependencies) = postProject
		{A7907593-E9D9-3130-948B-49F06E85B4D0} = {A7907593-E9D9-3130-948B-49F06E85B4D0}
		{685DD364-00A6-3590-AB09-AD347F7AF7B0} = {685DD364-00A6-3590-AB09-AD347F7AF7B0}
	EndProjectSection
EndProject
Global
	GlobalSection(SolutionConfigurationPlatforms) = preSolution
		Debug|Win32 = Debug|Win32
		MinSizeRel|Win32 = MinSizeRel|Win32
		Release|Win32 = Release|Win32
		RelWithDebInfo|Win32 = RelWithDebInfo|Win32
	EndGlobalSection
	GlobalSection(ProjectConfigurationPlatforms) = postSolution
		{897EC1B1-0BFD-3F34-87FF-FFE7008C8880}.Debug|Win32.ActiveCfg = Debug|Win32
		{897EC1B1-0BFD-3F34-87FF-FFE7008C8880}.Debug|Win32.Build.0 = Debug|Win32
		{897EC1B1-0BFD-3F34-87FF-FFE7008C8880}.MinSizeRel|Win32.ActiveCfg = MinSizeRel|Win32
		{897EC1B1-0BFD-3F34-87FF-FFE7008C8880}.MinSizeRel|Win32.Build.0 = MinSizeRel|Win32
		{897EC1B1-0BFD-3F34-87FF-FFE7008C8880}.Release|Win32.ActiveCfg = Release|Win32
		{897EC1B1-0BFD-3F34-87FF-FFE7008C8880}.Release|Win32.Build.0 = Release|Win32
		{897EC1B1-0BFD-3F34-87FF-FFE7008C8880}.RelWithDebInfo|Win32.ActiveCfg = RelWithDebInfo|Win32
		{897EC1B1-0BFD-3F34-87FF-FFE7008C8880}.RelWithDebInfo|Win32.Build.0 = RelWithDebInfo|Win32
		{F1CAED54-CE0F-3096-AF4E-550F53D0129A}.Debug|Win32.ActiveCfg = Debug|Win32
		{F1CAED54-CE0F-3096-AF4E-550F53D0129A}.Debug|Win32.Build.0 = Debug|Win32
		{F1CAED54-CE0F-3096-AF4E-550F53D0129A}.MinSizeRel|Win32.ActiveCfg = MinSizeRel|Win32
		{F1CAED54-CE0F-3096-AF4E-550F53D0129A}.MinSizeRel|Win32.Build.0 = MinSizeRel|Win32
		{F1CAED54-CE0F-3096-AF4E-550F53D0129A}.Release|Win32.ActiveCfg = Release|Win32
		{F1CAED54-CE0F-3096-AF4E-550F53D0129A}.Release|Win32.Build.0 = Release|Win32
		{F1CAED54-CE0F-3096-AF4E-550F53D0129A}.RelWithDebInfo|Win32.ActiveCfg = RelWithDebInfo|Win32
		{F1CAED54-CE0F-3096-AF4E-550F53D0129A}.RelWithDebInfo|Win32.Build.0 = RelWithDebInfo|Win32
		{045BE2C5-5A30-3BF8-A636-1AF2978380A8}.Debug|Win32.ActiveCfg = Debug|Win32
		{045BE2C5-5A30-3BF8-A636-1AF2978380A8}.MinSizeRel|Win32.ActiveCfg = MinSizeRel|Win32
		{045BE2C5-5A30-3BF8-A636-1AF2978380A8}.Release|Win32.ActiveCfg = Release|Win32
		{045BE2C5-5A30-3BF8-A636-1AF2978380A8}.RelWithDebInfo|Win32.ActiveCfg = RelWithDebInfo|Win32
		{A7907593-E9D9-3130-948B-49F06E85B4D0}.Debug|Win32.ActiveCfg = Debug|Win32
		{A7907593-E9D9-3130-948B-49F06E85B4D0}.Debug|Win32.Build.0 = Debug|Win32
		{A7907593-E9D9-3130-948B-49F06E85B4D0}.MinSizeRel|Win32.ActiveCfg = MinSizeRel|Win32
		{A7907593-E9D9-3130-948B-49F06E85B4D0}.MinSizeRel|Win32.Build.0 = MinSizeRel|Win32
		{A7907593-E9D9-3130-948B-49F06E85B4D0}.Release|Win32.ActiveCfg = Release|Win32
		{A7907593-E9D9-3130-948B-49F06E85B4D0}.Release|Win32.Build.0 = Release|Win32
		{A7907593-E9D9-3130-948B-49F06E85B4D0}.RelWithDebInfo|Win32.ActiveCfg = RelWithDebInfo|Win32
		{A7907593-E9D9-3130-948B-49F06E85B4D0}.RelWithDebInfo|Win32.Build.0 = RelWithDebInfo|Win32
		{1296453E-E474-36BA-8BEA-B2432C89C2D5}.Debug|Win32.ActiveCfg = Debug|Win32
		{1296453E-E474-36BA-8BEA-B2432C89C2D5}.MinSizeRel|Win32.ActiveCfg = MinSizeRel|Win32
		{1296453E-E474-36BA-8BEA-B2432C89C2D5}.Release|Win32.ActiveCfg = Release|Win32
		{1296453E-E474-36BA-8BEA-B2432C89C2D5}.RelWithDebInfo|Win32.ActiveCfg = RelWithDebInfo|Win32
		{685DD364-00A6-3590-AB09-AD347F7AF7B0}.Debug|Win32.ActiveCfg = Debug|Win32
		{685DD364-00A6-3590-AB09-AD347F7AF7B0}.Debug|Win32.Build.0 = Debug|Win32
		{685DD364-00A6-3590-AB09-AD347F7AF7B0}.MinSizeRel|Win32.ActiveCfg = MinSizeRel|Win32
		{685DD364-00A6-3590-AB09-AD347F7AF7B0}.MinSizeRel|Win32.Build.0 = MinSizeRel|Win32
		{685DD364-00A6-3590-AB09-AD347F7AF7B0}.Release|Win32.ActiveCfg = Release|Win32
		{685DD364-00A6-3590-AB09-AD347F7AF7B0}.Release|Win32.Build.0 = Release|Win32
		{685DD364-00A6-3590-AB09-AD347F7AF7B0}.RelWithDebInfo|Win32.ActiveCfg = RelWithDebInfo|Win32
		{685DD364-00A6-3590-AB09-AD347F7AF7B0}.RelWithDebInfo|Win32.Build.0 = RelWithDebInfo|Win32
		{5C954DF3-A965-3595-A4B6-37CF9A622C97}.Debug|Win32.ActiveCfg = Debug|Win32
		{5C954DF3-A965-3595-A4B6-37CF9A622C97}.Debug|Win32.Build.0 = Debug|Win32
		{5C954DF3-A965-3595-A4B6-37CF9A622C97}.MinSizeRel|Win32.ActiveCfg = MinSizeRel|Win32
		{5C954DF3-A965-3595-A4B6-37CF9A622C97}.MinSizeRel|Win32.Build.0 = MinSizeRel|Win32
		{5C954DF3-A965-3595-A4B6-37CF9A622C97}.Release|Win32.ActiveCfg = Release|Win32
		{5C954DF3-A965-3595-A4B6-37CF9A622C97}.Release|Win32.Build.0 = Release|Win32
		{5C954DF3-A965-3595-A4B6-37CF9A622C97}.RelWithDebInfo|Win32.ActiveCfg = RelWithDebInfo|Win32
		{5C954DF3-A965-3595-A4B6-37CF9A622C97}.RelWithDebInfo|Win32.Build.0 = RelWithDebInfo|Win32
	EndGlobalSection
	GlobalSection(SolutionProperties) = preSolution
		HideSolutionNode = FALSE
	EndGlobalSection
	GlobalSection(ExtensibilityGlobals) = postSolution
		SolutionGuid = {7541E1B6-9A93-31D6-9E90-BE1FD67A034D}
	EndGlobalSection
EndGlobal
